
Microsoft Visual Studio Solution File, Format Version 12.00
# Visual Studio Version 16
VisualStudioVersion = 16.0.31729.503
MinimumVisualStudioVersion = 10.0.40219.1
Project("{8BC9CEB8-8B4A-11D0-8D11-00A0C91BC942}") = "Project15", "Project15.vcxproj", "{DD5D36D0-C168-4DF9-BC52-858A7A7AF5E3}"
EndProject
Global
	GlobalSection(SolutionConfigurationPlatforms) = preSolution
		Debug|x64 = Debug|x64
		Debug|x86 = Debug|x86
		Release|x64 = Release|x64
		Release|x86 = Release|x86
	EndGlobalSection
	GlobalSection(ProjectConfigurationPlatforms) = postSolution
		{DD5D36D0-C168-4DF9-BC52-858A7A7AF5E3}.Debug|x64.ActiveCfg = Debug|x64
		{DD5D36D0-C168-4DF9-BC52-858A7A7AF5E3}.Debug|x64.Build.0 = Debug|x64
		{DD5D36D0-C168-4DF9-BC52-858A7A7AF5E3}.Debug|x86.ActiveCfg = Debug|Win32
		{DD5D36D0-C168-4DF9-BC52-858A7A7AF5E3}.Debug|x86.Build.0 = Debug|Win32
		{DD5D36D0-C168-4DF9-BC52-858A7A7AF5E3}.Release|x64.ActiveCfg = Release|x64
		{DD5D36D0-C168-4DF9-BC52-858A7A7AF5E3}.Release|x64.Build.0 = Release|x64
		{DD5D36D0-C168-4DF9-BC52-858A7A7AF5E3}.Release|x86.ActiveCfg = Release|Win32
		{DD5D36D0-C168-4DF9-BC52-858A7A7AF5E3}.Release|x86.Build.0 = Release|Win32
	EndGlobalSection
	GlobalSection(SolutionProperties) = preSolution
		HideSolutionNode = FALSE
	EndGlobalSection
	GlobalSection(ExtensibilityGlobals) = postSolution
		SolutionGuid = {91C02865-42C1-4D26-BDEB-ADE5D1158A1C}
	EndGlobalSection
EndGlobal
